
Microsoft Visual Studio Solution File, Format Version 12.00
# Visual Studio Version 17
VisualStudioVersion = 17.9.34723.18
MinimumVisualStudioVersion = 10.0.40219.1
Project("{9A19103F-16F7-4668-BE54-9A1E7A4F7556}") = "CargoApi", "CargoApi\CargoApi.csproj", "{9C691087-1B74-4222-8004-658EF1D80A91}"
EndProject
Project("{9A19103F-16F7-4668-BE54-9A1E7A4F7556}") = "CargoSim.Application", "CargoSim.Application\CargoSim.Application.csproj", "{BDD3FE7F-3012-4D52-8ABE-1D6F2E8B3FE7}"
EndProject
Project("{9A19103F-16F7-4668-BE54-9A1E7A4F7556}") = "CargoSim.Infrastructure", "CargoSim.Infrastructure\CargoSim.Infrastructure.csproj", "{0C52FE11-ED84-4B2C-B86E-8DD422B9840D}"
EndProject
Project("{E53339B2-1760-4266-BCC7-CA923CBCF16C}") = "docker-compose", "docker-compose.dcproj", "{4CAD6063-4554-476D-8682-E6215E90671C}"
EndProject
Project("{FAE04EC0-301F-11D3-BF4B-00C04F79EFBC}") = "Shared", "CargoSim.Shared\Shared\Shared.csproj", "{43C833AC-7EA0-4FE9-8ADC-CF6DFD51AAD8}"
EndProject
Global
	GlobalSection(SolutionConfigurationPlatforms) = preSolution
		Debug|Any CPU = Debug|Any CPU
		Release|Any CPU = Release|Any CPU
	EndGlobalSection
	GlobalSection(ProjectConfigurationPlatforms) = postSolution
		{9C691087-1B74-4222-8004-658EF1D80A91}.Debug|Any CPU.ActiveCfg = Debug|Any CPU
		{9C691087-1B74-4222-8004-658EF1D80A91}.Debug|Any CPU.Build.0 = Debug|Any CPU
		{9C691087-1B74-4222-8004-658EF1D80A91}.Release|Any CPU.ActiveCfg = Release|Any CPU
		{9C691087-1B74-4222-8004-658EF1D80A91}.Release|Any CPU.Build.0 = Release|Any CPU
		{BDD3FE7F-3012-4D52-8ABE-1D6F2E8B3FE7}.Debug|Any CPU.ActiveCfg = Debug|Any CPU
		{BDD3FE7F-3012-4D52-8ABE-1D6F2E8B3FE7}.Debug|Any CPU.Build.0 = Debug|Any CPU
		{BDD3FE7F-3012-4D52-8ABE-1D6F2E8B3FE7}.Release|Any CPU.ActiveCfg = Release|Any CPU
		{BDD3FE7F-3012-4D52-8ABE-1D6F2E8B3FE7}.Release|Any CPU.Build.0 = Release|Any CPU
		{0C52FE11-ED84-4B2C-B86E-8DD422B9840D}.Debug|Any CPU.ActiveCfg = Debug|Any CPU
		{0C52FE11-ED84-4B2C-B86E-8DD422B9840D}.Debug|Any CPU.Build.0 = Debug|Any CPU
		{0C52FE11-ED84-4B2C-B86E-8DD422B9840D}.Release|Any CPU.ActiveCfg = Release|Any CPU
		{0C52FE11-ED84-4B2C-B86E-8DD422B9840D}.Release|Any CPU.Build.0 = Release|Any CPU
		{4CAD6063-4554-476D-8682-E6215E90671C}.Debug|Any CPU.ActiveCfg = Debug|Any CPU
		{4CAD6063-4554-476D-8682-E6215E90671C}.Debug|Any CPU.Build.0 = Debug|Any CPU
		{4CAD6063-4554-476D-8682-E6215E90671C}.Release|Any CPU.ActiveCfg = Release|Any CPU
		{4CAD6063-4554-476D-8682-E6215E90671C}.Release|Any CPU.Build.0 = Release|Any CPU
		{43C833AC-7EA0-4FE9-8ADC-CF6DFD51AAD8}.Debug|Any CPU.ActiveCfg = Debug|Any CPU
		{43C833AC-7EA0-4FE9-8ADC-CF6DFD51AAD8}.Debug|Any CPU.Build.0 = Debug|Any CPU
		{43C833AC-7EA0-4FE9-8ADC-CF6DFD51AAD8}.Release|Any CPU.ActiveCfg = Release|Any CPU
		{43C833AC-7EA0-4FE9-8ADC-CF6DFD51AAD8}.Release|Any CPU.Build.0 = Release|Any CPU
	EndGlobalSection
	GlobalSection(SolutionProperties) = preSolution
		HideSolutionNode = FALSE
	EndGlobalSection
	GlobalSection(ExtensibilityGlobals) = postSolution
		SolutionGuid = {EBB1243A-E7B2-40B8-9E02-0E76DEB02F41}
	EndGlobalSection
EndGlobal
